// !$*UTF8*$!
{
	archiveVersion = 1;
	classes = {
	};
	objectVersion = 50;
	objects = {

/* Begin PBXBuildFile section */
		0CAB768623C5827B0013BCEB /* AppDelegate.swift in Sources */ = {isa = PBXBuildFile; fileRef = 0CAB768523C5827B0013BCEB /* AppDelegate.swift */; };
		0CAB768823C5827B0013BCEB /* SceneDelegate.swift in Sources */ = {isa = PBXBuildFile; fileRef = 0CAB768723C5827B0013BCEB /* SceneDelegate.swift */; };
		0CAB768A23C5827B0013BCEB /* ContentView.swift in Sources */ = {isa = PBXBuildFile; fileRef = 0CAB768923C5827B0013BCEB /* ContentView.swift */; };
		0CAB768C23C5827E0013BCEB /* Assets.xcassets in Resources */ = {isa = PBXBuildFile; fileRef = 0CAB768B23C5827E0013BCEB /* Assets.xcassets */; };
		0CAB768F23C5827E0013BCEB /* Preview Assets.xcassets in Resources */ = {isa = PBXBuildFile; fileRef = 0CAB768E23C5827E0013BCEB /* Preview Assets.xcassets */; };
		0CAB769223C5827E0013BCEB /* LaunchScreen.storyboard in Resources */ = {isa = PBXBuildFile; fileRef = 0CAB769023C5827E0013BCEB /* LaunchScreen.storyboard */; };
		0CAB769A23C583BB0013BCEB /* profiles.json in Resources */ = {isa = PBXBuildFile; fileRef = 0CAB769923C583BB0013BCEB /* profiles.json */; };
		0CAB769D23C584200013BCEB /* Data.swift in Sources */ = {isa = PBXBuildFile; fileRef = 0CAB769C23C584200013BCEB /* Data.swift */; };
/* End PBXBuildFile section */

/* Begin PBXFileReference section */
		0CAB768223C5827B0013BCEB /* Sympl.app */ = {isa = PBXFileReference; explicitFileType = wrapper.application; includeInIndex = 0; path = Sympl.app; sourceTree = BUILT_PRODUCTS_DIR; };
		0CAB768523C5827B0013BCEB /* AppDelegate.swift */ = {isa = PBXFileReference; lastKnownFileType = sourcecode.swift; path = AppDelegate.swift; sourceTree = "<group>"; };
		0CAB768723C5827B0013BCEB /* SceneDelegate.swift */ = {isa = PBXFileReference; lastKnownFileType = sourcecode.swift; path = SceneDelegate.swift; sourceTree = "<group>"; };
		0CAB768923C5827B0013BCEB /* ContentView.swift */ = {isa = PBXFileReference; lastKnownFileType = sourcecode.swift; path = ContentView.swift; sourceTree = "<group>"; };
		0CAB768B23C5827E0013BCEB /* Assets.xcassets */ = {isa = PBXFileReference; lastKnownFileType = folder.assetcatalog; path = Assets.xcassets; sourceTree = "<group>"; };
		0CAB768E23C5827E0013BCEB /* Preview Assets.xcassets */ = {isa = PBXFileReference; lastKnownFileType = folder.assetcatalog; path = "Preview Assets.xcassets"; sourceTree = "<group>"; };
		0CAB769123C5827E0013BCEB /* Base */ = {isa = PBXFileReference; lastKnownFileType = file.storyboard; name = Base; path = Base.lproj/LaunchScreen.storyboard; sourceTree = "<group>"; };
		0CAB769323C5827E0013BCEB /* Info.plist */ = {isa = PBXFileReference; lastKnownFileType = text.plist.xml; path = Info.plist; sourceTree = "<group>"; };
		0CAB769923C583BB0013BCEB /* profiles.json */ = {isa = PBXFileReference; fileEncoding = 4; lastKnownFileType = text.json; name = profiles.json; path = "Sympl/New Group/profiles.json"; sourceTree = SOURCE_ROOT; };
		0CAB769C23C584200013BCEB /* Data.swift */ = {isa = PBXFileReference; lastKnownFileType = sourcecode.swift; path = Data.swift; sourceTree = "<group>"; };
/* End PBXFileReference section */

/* Begin PBXFrameworksBuildPhase section */
		0CAB767F23C5827B0013BCEB /* Frameworks */ = {
			isa = PBXFrameworksBuildPhase;
			buildActionMask = 2147483647;
			files = (
			);
			runOnlyForDeploymentPostprocessing = 0;
		};
/* End PBXFrameworksBuildPhase section */

/* Begin PBXGroup section */
		0CAB767923C5827B0013BCEB = {
			isa = PBXGroup;
			children = (
				0CAB768423C5827B0013BCEB /* Sympl */,
				0CAB768323C5827B0013BCEB /* Products */,
			);
			sourceTree = "<group>";
		};
		0CAB768323C5827B0013BCEB /* Products */ = {
			isa = PBXGroup;
			children = (
				0CAB768223C5827B0013BCEB /* Sympl.app */,
			);
			name = Products;
			sourceTree = "<group>";
		};
		0CAB768423C5827B0013BCEB /* Sympl */ = {
			isa = PBXGroup;
			children = (
				0CAB768523C5827B0013BCEB /* AppDelegate.swift */,
				0CAB768723C5827B0013BCEB /* SceneDelegate.swift */,
				0CAB768923C5827B0013BCEB /* ContentView.swift */,
				0CAB768B23C5827E0013BCEB /* Assets.xcassets */,
				0CAB769B23C583D30013BCEB /* Model */,
				0CAB769023C5827E0013BCEB /* LaunchScreen.storyboard */,
				0CAB769323C5827E0013BCEB /* Info.plist */,
				0CAB768D23C5827E0013BCEB /* Preview Content */,
			);
			path = Sympl;
			sourceTree = "<group>";
		};
		0CAB768D23C5827E0013BCEB /* Preview Content */ = {
			isa = PBXGroup;
			children = (
				0CAB768E23C5827E0013BCEB /* Preview Assets.xcassets */,
			);
			path = "Preview Content";
			sourceTree = "<group>";
		};
		0CAB769B23C583D30013BCEB /* Model */ = {
			isa = PBXGroup;
			children = (
				0CAB769923C583BB0013BCEB /* profiles.json */,
				0CAB769C23C584200013BCEB /* Data.swift */,
			);
			path = Model;
			sourceTree = "<group>";
		};
/* End PBXGroup section */

/* Begin PBXNativeTarget section */
		0CAB768123C5827B0013BCEB /* Sympl */ = {
			isa = PBXNativeTarget;
			buildConfigurationList = 0CAB769623C5827E0013BCEB /* Build configuration list for PBXNativeTarget "Sympl" */;
			buildPhases = (
				0CAB767E23C5827B0013BCEB /* Sources */,
				0CAB767F23C5827B0013BCEB /* Frameworks */,
				0CAB768023C5827B0013BCEB /* Resources */,
			);
			buildRules = (
			);
			dependencies = (
			);
			name = Sympl;
			productName = Sympl;
			productReference = 0CAB768223C5827B0013BCEB /* Sympl.app */;
			productType = "com.apple.product-type.application";
		};
/* End PBXNativeTarget section */

/* Begin PBXProject section */
		0CAB767A23C5827B0013BCEB /* Project object */ = {
			isa = PBXProject;
			attributes = {
				LastSwiftUpdateCheck = 1130;
				LastUpgradeCheck = 1130;
				ORGANIZATIONNAME = "Aina Phakhruddin";
				TargetAttributes = {
					0CAB768123C5827B0013BCEB = {
						CreatedOnToolsVersion = 11.3;
					};
				};
			};
			buildConfigurationList = 0CAB767D23C5827B0013BCEB /* Build configuration list for PBXProject "Sympl" */;
			compatibilityVersion = "Xcode 9.3";
			developmentRegion = en;
			hasScannedForEncodings = 0;
			knownRegions = (
				en,
				Base,
			);
			mainGroup = 0CAB767923C5827B0013BCEB;
			productRefGroup = 0CAB768323C5827B0013BCEB /* Products */;
			projectDirPath = "";
			projectRoot = "";
			targets = (
				0CAB768123C5827B0013BCEB /* Sympl */,
			);
		};
/* End PBXProject section */

/* Begin PBXResourcesBuildPhase section */
		0CAB768023C5827B0013BCEB /* Resources */ = {
			isa = PBXResourcesBuildPhase;
			buildActionMask = 2147483647;
			files = (
				0CAB769223C5827E0013BCEB /* LaunchScreen.storyboard in Resources */,
				0CAB769A23C583BB0013BCEB /* profiles.json in Resources */,
				0CAB768F23C5827E0013BCEB /* Preview Assets.xcassets in Resources */,
				0CAB768C23C5827E0013BCEB /* Assets.xcassets in Resources */,
			);
			runOnlyForDeploymentPostprocessing = 0;
		};
/* End PBXResourcesBuildPhase section */

/* Begin PBXSourcesBuildPhase section */
		0CAB767E23C5827B0013BCEB /* Sources */ = {
			isa = PBXSourcesBuildPhase;
			buildActionMask = 2147483647;
			files = (
				0CAB768623C5827B0013BCEB /* AppDelegate.swift in Sources */,
				0CAB768823C5827B0013BCEB /* SceneDelegate.swift in Sources */,
				0CAB768A23C5827B0013BCEB /* ContentView.swift in Sources */,
				0CAB769D23C584200013BCEB /* Data.swift in Sources */,
			);
			runOnlyForDeploymentPostprocessing = 0;
		};
/* End PBXSourcesBuildPhase section */

/* Begin PBXVariantGroup section */
		0CAB769023C5827E0013BCEB /* LaunchScreen.storyboard */ = {
			isa = PBXVariantGroup;
			children = (
				0CAB769123C5827E0013BCEB /* Base */,
			);
			name = LaunchScreen.storyboard;
			sourceTree = "<group>";
		};
/* End PBXVariantGroup section */

/* Begin XCBuildConfiguration section */
		0CAB769423C5827E0013BCEB /* Debug */ = {
			isa = XCBuildConfiguration;
			buildSettings = {
				ALWAYS_SEARCH_USER_PATHS = NO;
				CLANG_ANALYZER_NONNULL = YES;
				CLANG_ANALYZER_NUMBER_OBJECT_CONVERSION = YES_AGGRESSIVE;
				CLANG_CXX_LANGUAGE_STANDARD = "gnu++14";
				CLANG_CXX_LIBRARY = "libc++";
				CLANG_ENABLE_MODULES = YES;
				CLANG_ENABLE_OBJC_ARC = YES;
				CLANG_ENABLE_OBJC_WEAK = YES;
				CLANG_WARN_BLOCK_CAPTURE_AUTORELEASING = YES;
				CLANG_WARN_BOOL_CONVERSION = YES;
				CLANG_WARN_COMMA = YES;
				CLANG_WARN_CONSTANT_CONVERSION = YES;
				CLANG_WARN_DEPRECATED_OBJC_IMPLEMENTATIONS = YES;
				CLANG_WARN_DIRECT_OBJC_ISA_USAGE = YES_ERROR;
				CLANG_WARN_DOCUMENTATION_COMMENTS = YES;
				CLANG_WARN_EMPTY_BODY = YES;
				CLANG_WARN_ENUM_CONVERSION = YES;
				CLANG_WARN_INFINITE_RECURSION = YES;
				CLANG_WARN_INT_CONVERSION = YES;
				CLANG_WARN_NON_LITERAL_NULL_CONVERSION = YES;
				CLANG_WARN_OBJC_IMPLICIT_RETAIN_SELF = YES;
				CLANG_WARN_OBJC_LITERAL_CONVERSION = YES;
				CLANG_WARN_OBJC_ROOT_CLASS = YES_ERROR;
				CLANG_WARN_RANGE_LOOP_ANALYSIS = YES;
				CLANG_WARN_STRICT_PROTOTYPES = YES;
				CLANG_WARN_SUSPICIOUS_MOVE = YES;
				CLANG_WARN_UNGUARDED_AVAILABILITY = YES_AGGRESSIVE;
				CLANG_WARN_UNREACHABLE_CODE = YES;
				CLANG_WARN__DUPLICATE_METHOD_MATCH = YES;
				COPY_PHASE_STRIP = NO;
				DEBUG_INFORMATION_FORMAT = dwarf;
				ENABLE_STRICT_OBJC_MSGSEND = YES;
				ENABLE_TESTABILITY = YES;
				GCC_C_LANGUAGE_STANDARD = gnu11;
				GCC_DYNAMIC_NO_PIC = NO;
				GCC_NO_COMMON_BLOCKS = YES;
				GCC_OPTIMIZATION_LEVEL = 0;
				GCC_PREPROCESSOR_DEFINITIONS = (
					"DEBUG=1",
					"$(inherited)",
				);
				GCC_WARN_64_TO_32_BIT_CONVERSION = YES;
				GCC_WARN_ABOUT_RETURN_TYPE = YES_ERROR;
				GCC_WARN_UNDECLARED_SELECTOR = YES;
				GCC_WARN_UNINITIALIZED_AUTOS = YES_AGGRESSIVE;
				GCC_WARN_UNUSED_FUNCTION = YES;
				GCC_WARN_UNUSED_VARIABLE = YES;
				IPHONEOS_DEPLOYMENT_TARGET = 13.2;
				MTL_ENABLE_DEBUG_INFO = INCLUDE_SOURCE;
				MTL_FAST_MATH = YES;
				ONLY_ACTIVE_ARCH = YES;
				SDKROOT = iphoneos;
				SWIFT_ACTIVE_COMPILATION_CONDITIONS = DEBUG;
				SWIFT_OPTIMIZATION_LEVEL = "-Onone";
			};
			name = Debug;
		};
		0CAB769523C5827E0013BCEB /* Release */ = {
			isa = XCBuildConfiguration;
			buildSettings = {
				ALWAYS_SEARCH_USER_PATHS = NO;
				CLANG_ANALYZER_NONNULL = YES;
				CLANG_ANALYZER_NUMBER_OBJECT_CONVERSION = YES_AGGRESSIVE;
				CLANG_CXX_LANGUAGE_STANDARD = "gnu++14";
				CLANG_CXX_LIBRARY = "libc++";
				CLANG_ENABLE_MODULES = YES;
				CLANG_ENABLE_OBJC_ARC = YES;
				CLANG_ENABLE_OBJC_WEAK = YES;
				CLANG_WARN_BLOCK_CAPTURE_AUTORELEASING = YES;
				CLANG_WARN_BOOL_CONVERSION = YES;
				CLANG_WARN_COMMA = YES;
				CLANG_WARN_CONSTANT_CONVERSION = YES;
				CLANG_WARN_DEPRECATED_OBJC_IMPLEMENTATIONS = YES;
				CLANG_WARN_DIRECT_OBJC_ISA_USAGE = YES_ERROR;
				CLANG_WARN_DOCUMENTATION_COMMENTS = YES;
				CLANG_WARN_EMPTY_BODY = YES;
				CLANG_WARN_ENUM_CONVERSION = YES;
				CLANG_WARN_INFINITE_RECURSION = YES;
				CLANG_WARN_INT_CONVERSION = YES;
				CLANG_WARN_NON_LITERAL_NULL_CONVERSION = YES;
				CLANG_WARN_OBJC_IMPLICIT_RETAIN_SELF = YES;
				CLANG_WARN_OBJC_LITERAL_CONVERSION = YES;
				CLANG_WARN_OBJC_ROOT_CLASS = YES_ERROR;
				CLANG_WARN_RANGE_LOOP_ANALYSIS = YES;
				CLANG_WARN_STRICT_PROTOTYPES = YES;
				CLANG_WARN_SUSPICIOUS_MOVE = YES;
				CLANG_WARN_UNGUARDED_AVAILABILITY = YES_AGGRESSIVE;
				CLANG_WARN_UNREACHABLE_CODE = YES;
				CLANG_WARN__DUPLICATE_METHOD_MATCH = YES;
				COPY_PHASE_STRIP = NO;
				DEBUG_INFORMATION_FORMAT = "dwarf-with-dsym";
				ENABLE_NS_ASSERTIONS = NO;
				ENABLE_STRICT_OBJC_MSGSEND = YES;
				GCC_C_LANGUAGE_STANDARD = gnu11;
				GCC_NO_COMMON_BLOCKS = YES;
				GCC_WARN_64_TO_32_BIT_CONVERSION = YES;
				GCC_WARN_ABOUT_RETURN_TYPE = YES_ERROR;
				GCC_WARN_UNDECLARED_SELECTOR = YES;
				GCC_WARN_UNINITIALIZED_AUTOS = YES_AGGRESSIVE;
				GCC_WARN_UNUSED_FUNCTION = YES;
				GCC_WARN_UNUSED_VARIABLE = YES;
				IPHONEOS_DEPLOYMENT_TARGET = 13.2;
				MTL_ENABLE_DEBUG_INFO = NO;
				MTL_FAST_MATH = YES;
				SDKROOT = iphoneos;
				SWIFT_COMPILATION_MODE = wholemodule;
				SWIFT_OPTIMIZATION_LEVEL = "-O";
				VALIDATE_PRODUCT = YES;
			};
			name = Release;
		};
		0CAB769723C5827E0013BCEB /* Debug */ = {
			isa = XCBuildConfiguration;
			buildSettings = {
				ASSETCATALOG_COMPILER_APPICON_NAME = AppIcon;
				CODE_SIGN_STYLE = Automatic;
				DEVELOPMENT_ASSET_PATHS = "\"Sympl/Preview Content\"";
				ENABLE_PREVIEWS = YES;
				INFOPLIST_FILE = Sympl/Info.plist;
				LD_RUNPATH_SEARCH_PATHS = (
					"$(inherited)",
					"@executable_path/Frameworks",
				);
				PRODUCT_BUNDLE_IDENTIFIER = "com.Aina-Phakhruddin.Sympl";
				PRODUCT_NAME = "$(TARGET_NAME)";
				SWIFT_VERSION = 5.0;
				TARGETED_DEVICE_FAMILY = "1,2";
			};
			name = Debug;
		};
		0CAB769823C5827E0013BCEB /* Release */ = {
			isa = XCBuildConfiguration;
			buildSettings = {
				ASSETCATALOG_COMPILER_APPICON_NAME = AppIcon;
				CODE_SIGN_STYLE = Automatic;
				DEVELOPMENT_ASSET_PATHS = "\"Sympl/Preview Content\"";
				ENABLE_PREVIEWS = YES;
				INFOPLIST_FILE = Sympl/Info.plist;
				LD_RUNPATH_SEARCH_PATHS = (
					"$(inherited)",
					"@executable_path/Frameworks",
				);
				PRODUCT_BUNDLE_IDENTIFIER = "com.Aina-Phakhruddin.Sympl";
				PRODUCT_NAME = "$(TARGET_NAME)";
				SWIFT_VERSION = 5.0;
				TARGETED_DEVICE_FAMILY = "1,2";
			};
			name = Release;
		};
/* End XCBuildConfiguration section */

/* Begin XCConfigurationList section */
		0CAB767D23C5827B0013BCEB /* Build configuration list for PBXProject "Sympl" */ = {
			isa = XCConfigurationList;
			buildConfigurations = (
				0CAB769423C5827E0013BCEB /* Debug */,
				0CAB769523C5827E0013BCEB /* Release */,
			);
			defaultConfigurationIsVisible = 0;
			defaultConfigurationName = Release;
		};
		0CAB769623C5827E0013BCEB /* Build configuration list for PBXNativeTarget "Sympl" */ = {
			isa = XCConfigurationList;
			buildConfigurations = (
				0CAB769723C5827E0013BCEB /* Debug */,
				0CAB769823C5827E0013BCEB /* Release */,
			);
			defaultConfigurationIsVisible = 0;
			defaultConfigurationName = Release;
		};
/* End XCConfigurationList section */
	};
	rootObject = 0CAB767A23C5827B0013BCEB /* Project object */;
}
